// !$*UTF8*$!
{
	archiveVersion = 1;
	classes = {
	};
	objectVersion = 48;
	objects = {

/* Begin PBXBuildFile section */
		8E2089581FD702A200494DE8 /* AppDelegate.swift in Sources */ = {isa = PBXBuildFile; fileRef = 8E2089571FD702A200494DE8 /* AppDelegate.swift */; };
		8E20895A1FD702A200494DE8 /* SetupViewController.swift in Sources */ = {isa = PBXBuildFile; fileRef = 8E2089591FD702A200494DE8 /* SetupViewController.swift */; };
		8E20895D1FD702A200494DE8 /* Main.storyboard in Resources */ = {isa = PBXBuildFile; fileRef = 8E20895B1FD702A200494DE8 /* Main.storyboard */; };
		8E2089601FD702A200494DE8 /* _ball_scoremaster_pro.xcdatamodeld in Sources */ = {isa = PBXBuildFile; fileRef = 8E20895E1FD702A200494DE8 /* _ball_scoremaster_pro.xcdatamodeld */; };
		8E2089621FD702A200494DE8 /* Assets.xcassets in Resources */ = {isa = PBXBuildFile; fileRef = 8E2089611FD702A200494DE8 /* Assets.xcassets */; };
		8E2089651FD702A200494DE8 /* LaunchScreen.storyboard in Resources */ = {isa = PBXBuildFile; fileRef = 8E2089631FD702A200494DE8 /* LaunchScreen.storyboard */; };
		8E669E7B1FE4ADC3009C6BE5 /* RackViewController.swift in Sources */ = {isa = PBXBuildFile; fileRef = 8E669E7A1FE4ADC3009C6BE5 /* RackViewController.swift */; };
		8E7F837D1FE469D900CA78FF /* Player.swift in Sources */ = {isa = PBXBuildFile; fileRef = 8E7F837C1FE469D900CA78FF /* Player.swift */; };
		8E7F837F1FE46A9400CA78FF /* Match.swift in Sources */ = {isa = PBXBuildFile; fileRef = 8E7F837E1FE46A9400CA78FF /* Match.swift */; };
		8E7F83811FE4702100CA78FF /* Rack.swift in Sources */ = {isa = PBXBuildFile; fileRef = 8E7F83801FE4702100CA78FF /* Rack.swift */; };
/* End PBXBuildFile section */

/* Begin PBXFileReference section */
		8E2089541FD702A200494DE8 /* 9ball_scoremaster_pro.app */ = {isa = PBXFileReference; explicitFileType = wrapper.application; includeInIndex = 0; path = 9ball_scoremaster_pro.app; sourceTree = BUILT_PRODUCTS_DIR; };
		8E2089571FD702A200494DE8 /* AppDelegate.swift */ = {isa = PBXFileReference; lastKnownFileType = sourcecode.swift; path = AppDelegate.swift; sourceTree = "<group>"; };
		8E2089591FD702A200494DE8 /* SetupViewController.swift */ = {isa = PBXFileReference; lastKnownFileType = sourcecode.swift; path = SetupViewController.swift; sourceTree = "<group>"; };
		8E20895C1FD702A200494DE8 /* Base */ = {isa = PBXFileReference; lastKnownFileType = file.storyboard; name = Base; path = Base.lproj/Main.storyboard; sourceTree = "<group>"; };
		8E20895F1FD702A200494DE8 /* _ball_scoremaster_pro.xcdatamodel */ = {isa = PBXFileReference; lastKnownFileType = wrapper.xcdatamodel; path = _ball_scoremaster_pro.xcdatamodel; sourceTree = "<group>"; };
		8E2089611FD702A200494DE8 /* Assets.xcassets */ = {isa = PBXFileReference; lastKnownFileType = folder.assetcatalog; path = Assets.xcassets; sourceTree = "<group>"; };
		8E2089641FD702A200494DE8 /* Base */ = {isa = PBXFileReference; lastKnownFileType = file.storyboard; name = Base; path = Base.lproj/LaunchScreen.storyboard; sourceTree = "<group>"; };
		8E2089661FD702A200494DE8 /* Info.plist */ = {isa = PBXFileReference; lastKnownFileType = text.plist.xml; path = Info.plist; sourceTree = "<group>"; };
		8E669E7A1FE4ADC3009C6BE5 /* RackViewController.swift */ = {isa = PBXFileReference; lastKnownFileType = sourcecode.swift; path = RackViewController.swift; sourceTree = "<group>"; };
		8E7F837C1FE469D900CA78FF /* Player.swift */ = {isa = PBXFileReference; lastKnownFileType = sourcecode.swift; path = Player.swift; sourceTree = "<group>"; };
		8E7F837E1FE46A9400CA78FF /* Match.swift */ = {isa = PBXFileReference; lastKnownFileType = sourcecode.swift; path = Match.swift; sourceTree = "<group>"; };
		8E7F83801FE4702100CA78FF /* Rack.swift */ = {isa = PBXFileReference; lastKnownFileType = sourcecode.swift; path = Rack.swift; sourceTree = "<group>"; };
/* End PBXFileReference section */

/* Begin PBXFrameworksBuildPhase section */
		8E2089511FD702A200494DE8 /* Frameworks */ = {
			isa = PBXFrameworksBuildPhase;
			buildActionMask = 2147483647;
			files = (
			);
			runOnlyForDeploymentPostprocessing = 0;
		};
/* End PBXFrameworksBuildPhase section */

/* Begin PBXGroup section */
		8E20894B1FD702A200494DE8 = {
			isa = PBXGroup;
			children = (
				8E2089561FD702A200494DE8 /* 9ball_scoremaster_pro */,
				8E2089551FD702A200494DE8 /* Products */,
			);
			sourceTree = "<group>";
		};
		8E2089551FD702A200494DE8 /* Products */ = {
			isa = PBXGroup;
			children = (
				8E2089541FD702A200494DE8 /* 9ball_scoremaster_pro.app */,
			);
			name = Products;
			sourceTree = "<group>";
		};
		8E2089561FD702A200494DE8 /* 9ball_scoremaster_pro */ = {
			isa = PBXGroup;
			children = (
				8E669E791FE4AB0F009C6BE5 /* Controller */,
				8E669E781FE4AB06009C6BE5 /* View */,
				8E669E771FE4AAF9009C6BE5 /* Model */,
				8E2089571FD702A200494DE8 /* AppDelegate.swift */,
				8E2089611FD702A200494DE8 /* Assets.xcassets */,
				8E2089661FD702A200494DE8 /* Info.plist */,
				8E20895E1FD702A200494DE8 /* _ball_scoremaster_pro.xcdatamodeld */,
			);
			path = 9ball_scoremaster_pro;
			sourceTree = "<group>";
		};
		8E669E771FE4AAF9009C6BE5 /* Model */ = {
			isa = PBXGroup;
			children = (
				8E7F837C1FE469D900CA78FF /* Player.swift */,
				8E7F83801FE4702100CA78FF /* Rack.swift */,
				8E7F837E1FE46A9400CA78FF /* Match.swift */,
			);
			path = Model;
			sourceTree = "<group>";
		};
		8E669E781FE4AB06009C6BE5 /* View */ = {
			isa = PBXGroup;
			children = (
				8E20895B1FD702A200494DE8 /* Main.storyboard */,
				8E2089631FD702A200494DE8 /* LaunchScreen.storyboard */,
			);
			path = View;
			sourceTree = "<group>";
		};
		8E669E791FE4AB0F009C6BE5 /* Controller */ = {
			isa = PBXGroup;
			children = (
				8E2089591FD702A200494DE8 /* SetupViewController.swift */,
				8E669E7A1FE4ADC3009C6BE5 /* RackViewController.swift */,
			);
			path = Controller;
			sourceTree = "<group>";
		};
/* End PBXGroup section */

/* Begin PBXNativeTarget section */
		8E2089531FD702A200494DE8 /* 9ball_scoremaster_pro */ = {
			isa = PBXNativeTarget;
			buildConfigurationList = 8E2089691FD702A200494DE8 /* Build configuration list for PBXNativeTarget "9ball_scoremaster_pro" */;
			buildPhases = (
				8E2089501FD702A200494DE8 /* Sources */,
				8E2089511FD702A200494DE8 /* Frameworks */,
				8E2089521FD702A200494DE8 /* Resources */,
			);
			buildRules = (
			);
			dependencies = (
			);
			name = 9ball_scoremaster_pro;
			productName = 9ball_scoremaster_pro;
			productReference = 8E2089541FD702A200494DE8 /* 9ball_scoremaster_pro.app */;
			productType = "com.apple.product-type.application";
		};
/* End PBXNativeTarget section */

/* Begin PBXProject section */
		8E20894C1FD702A200494DE8 /* Project object */ = {
			isa = PBXProject;
			attributes = {
				LastSwiftUpdateCheck = 0920;
				LastUpgradeCheck = 0920;
				ORGANIZATIONNAME = "Michael Hardin";
				TargetAttributes = {
					8E2089531FD702A200494DE8 = {
						CreatedOnToolsVersion = 9.2;
						ProvisioningStyle = Automatic;
					};
				};
			};
			buildConfigurationList = 8E20894F1FD702A200494DE8 /* Build configuration list for PBXProject "9ball_scoremaster_pro" */;
			compatibilityVersion = "Xcode 8.0";
			developmentRegion = en;
			hasScannedForEncodings = 0;
			knownRegions = (
				en,
				Base,
			);
			mainGroup = 8E20894B1FD702A200494DE8;
			productRefGroup = 8E2089551FD702A200494DE8 /* Products */;
			projectDirPath = "";
			projectRoot = "";
			targets = (
				8E2089531FD702A200494DE8 /* 9ball_scoremaster_pro */,
			);
		};
/* End PBXProject section */

/* Begin PBXResourcesBuildPhase section */
		8E2089521FD702A200494DE8 /* Resources */ = {
			isa = PBXResourcesBuildPhase;
			buildActionMask = 2147483647;
			files = (
				8E2089651FD702A200494DE8 /* LaunchScreen.storyboard in Resources */,
				8E2089621FD702A200494DE8 /* Assets.xcassets in Resources */,
				8E20895D1FD702A200494DE8 /* Main.storyboard in Resources */,
			);
			runOnlyForDeploymentPostprocessing = 0;
		};
/* End PBXResourcesBuildPhase section */

/* Begin PBXSourcesBuildPhase section */
		8E2089501FD702A200494DE8 /* Sources */ = {
			isa = PBXSourcesBuildPhase;
			buildActionMask = 2147483647;
			files = (
				8E669E7B1FE4ADC3009C6BE5 /* RackViewController.swift in Sources */,
				8E7F837D1FE469D900CA78FF /* Player.swift in Sources */,
				8E20895A1FD702A200494DE8 /* SetupViewController.swift in Sources */,
				8E2089581FD702A200494DE8 /* AppDelegate.swift in Sources */,
				8E7F837F1FE46A9400CA78FF /* Match.swift in Sources */,
				8E7F83811FE4702100CA78FF /* Rack.swift in Sources */,
				8E2089601FD702A200494DE8 /* _ball_scoremaster_pro.xcdatamodeld in Sources */,
			);
			runOnlyForDeploymentPostprocessing = 0;
		};
/* End PBXSourcesBuildPhase section */

/* Begin PBXVariantGroup section */
		8E20895B1FD702A200494DE8 /* Main.storyboard */ = {
			isa = PBXVariantGroup;
			children = (
				8E20895C1FD702A200494DE8 /* Base */,
			);
			name = Main.storyboard;
			sourceTree = "<group>";
		};
		8E2089631FD702A200494DE8 /* LaunchScreen.storyboard */ = {
			isa = PBXVariantGroup;
			children = (
				8E2089641FD702A200494DE8 /* Base */,
			);
			name = LaunchScreen.storyboard;
			sourceTree = "<group>";
		};
/* End PBXVariantGroup section */

/* Begin XCBuildConfiguration section */
		8E2089671FD702A200494DE8 /* Debug */ = {
			isa = XCBuildConfiguration;
			buildSettings = {
				ALWAYS_SEARCH_USER_PATHS = NO;
				CLANG_ANALYZER_NONNULL = YES;
				CLANG_ANALYZER_NUMBER_OBJECT_CONVERSION = YES_AGGRESSIVE;
				CLANG_CXX_LANGUAGE_STANDARD = "gnu++14";
				CLANG_CXX_LIBRARY = "libc++";
				CLANG_ENABLE_MODULES = YES;
				CLANG_ENABLE_OBJC_ARC = YES;
				CLANG_WARN_BLOCK_CAPTURE_AUTORELEASING = YES;
				CLANG_WARN_BOOL_CONVERSION = YES;
				CLANG_WARN_COMMA = YES;
				CLANG_WARN_CONSTANT_CONVERSION = YES;
				CLANG_WARN_DIRECT_OBJC_ISA_USAGE = YES_ERROR;
				CLANG_WARN_DOCUMENTATION_COMMENTS = YES;
				CLANG_WARN_EMPTY_BODY = YES;
				CLANG_WARN_ENUM_CONVERSION = YES;
				CLANG_WARN_INFINITE_RECURSION = YES;
				CLANG_WARN_INT_CONVERSION = YES;
				CLANG_WARN_NON_LITERAL_NULL_CONVERSION = YES;
				CLANG_WARN_OBJC_LITERAL_CONVERSION = YES;
				CLANG_WARN_OBJC_ROOT_CLASS = YES_ERROR;
				CLANG_WARN_RANGE_LOOP_ANALYSIS = YES;
				CLANG_WARN_STRICT_PROTOTYPES = YES;
				CLANG_WARN_SUSPICIOUS_MOVE = YES;
				CLANG_WARN_UNGUARDED_AVAILABILITY = YES_AGGRESSIVE;
				CLANG_WARN_UNREACHABLE_CODE = YES;
				CLANG_WARN__DUPLICATE_METHOD_MATCH = YES;
				CODE_SIGN_IDENTITY = "iPhone Developer";
				COPY_PHASE_STRIP = NO;
				DEBUG_INFORMATION_FORMAT = dwarf;
				ENABLE_STRICT_OBJC_MSGSEND = YES;
				ENABLE_TESTABILITY = YES;
				GCC_C_LANGUAGE_STANDARD = gnu11;
				GCC_DYNAMIC_NO_PIC = NO;
				GCC_NO_COMMON_BLOCKS = YES;
				GCC_OPTIMIZATION_LEVEL = 0;
				GCC_PREPROCESSOR_DEFINITIONS = (
					"DEBUG=1",
					"$(inherited)",
				);
				GCC_WARN_64_TO_32_BIT_CONVERSION = YES;
				GCC_WARN_ABOUT_RETURN_TYPE = YES_ERROR;
				GCC_WARN_UNDECLARED_SELECTOR = YES;
				GCC_WARN_UNINITIALIZED_AUTOS = YES_AGGRESSIVE;
				GCC_WARN_UNUSED_FUNCTION = YES;
				GCC_WARN_UNUSED_VARIABLE = YES;
				IPHONEOS_DEPLOYMENT_TARGET = 11.2;
				MTL_ENABLE_DEBUG_INFO = YES;
				ONLY_ACTIVE_ARCH = YES;
				SDKROOT = iphoneos;
				SWIFT_ACTIVE_COMPILATION_CONDITIONS = DEBUG;
				SWIFT_OPTIMIZATION_LEVEL = "-Onone";
			};
			name = Debug;
		};
		8E2089681FD702A200494DE8 /* Release */ = {
			isa = XCBuildConfiguration;
			buildSettings = {
				ALWAYS_SEARCH_USER_PATHS = NO;
				CLANG_ANALYZER_NONNULL = YES;
				CLANG_ANALYZER_NUMBER_OBJECT_CONVERSION = YES_AGGRESSIVE;
				CLANG_CXX_LANGUAGE_STANDARD = "gnu++14";
				CLANG_CXX_LIBRARY = "libc++";
				CLANG_ENABLE_MODULES = YES;
				CLANG_ENABLE_OBJC_ARC = YES;
				CLANG_WARN_BLOCK_CAPTURE_AUTORELEASING = YES;
				CLANG_WARN_BOOL_CONVERSION = YES;
				CLANG_WARN_COMMA = YES;
				CLANG_WARN_CONSTANT_CONVERSION = YES;
				CLANG_WARN_DIRECT_OBJC_ISA_USAGE = YES_ERROR;
				CLANG_WARN_DOCUMENTATION_COMMENTS = YES;
				CLANG_WARN_EMPTY_BODY = YES;
				CLANG_WARN_ENUM_CONVERSION = YES;
				CLANG_WARN_INFINITE_RECURSION = YES;
				CLANG_WARN_INT_CONVERSION = YES;
				CLANG_WARN_NON_LITERAL_NULL_CONVERSION = YES;
				CLANG_WARN_OBJC_LITERAL_CONVERSION = YES;
				CLANG_WARN_OBJC_ROOT_CLASS = YES_ERROR;
				CLANG_WARN_RANGE_LOOP_ANALYSIS = YES;
				CLANG_WARN_STRICT_PROTOTYPES = YES;
				CLANG_WARN_SUSPICIOUS_MOVE = YES;
				CLANG_WARN_UNGUARDED_AVAILABILITY = YES_AGGRESSIVE;
				CLANG_WARN_UNREACHABLE_CODE = YES;
				CLANG_WARN__DUPLICATE_METHOD_MATCH = YES;
				CODE_SIGN_IDENTITY = "iPhone Developer";
				COPY_PHASE_STRIP = NO;
				DEBUG_INFORMATION_FORMAT = "dwarf-with-dsym";
				ENABLE_NS_ASSERTIONS = NO;
				ENABLE_STRICT_OBJC_MSGSEND = YES;
				GCC_C_LANGUAGE_STANDARD = gnu11;
				GCC_NO_COMMON_BLOCKS = YES;
				GCC_WARN_64_TO_32_BIT_CONVERSION = YES;
				GCC_WARN_ABOUT_RETURN_TYPE = YES_ERROR;
				GCC_WARN_UNDECLARED_SELECTOR = YES;
				GCC_WARN_UNINITIALIZED_AUTOS = YES_AGGRESSIVE;
				GCC_WARN_UNUSED_FUNCTION = YES;
				GCC_WARN_UNUSED_VARIABLE = YES;
				IPHONEOS_DEPLOYMENT_TARGET = 11.2;
				MTL_ENABLE_DEBUG_INFO = NO;
				SDKROOT = iphoneos;
				SWIFT_OPTIMIZATION_LEVEL = "-Owholemodule";
				VALIDATE_PRODUCT = YES;
			};
			name = Release;
		};
		8E20896A1FD702A200494DE8 /* Debug */ = {
			isa = XCBuildConfiguration;
			buildSettings = {
				ASSETCATALOG_COMPILER_APPICON_NAME = AppIcon;
				CODE_SIGN_STYLE = Automatic;
				DEVELOPMENT_TEAM = RFR5R2MW37;
				INFOPLIST_FILE = 9ball_scoremaster_pro/Info.plist;
				LD_RUNPATH_SEARCH_PATHS = "$(inherited) @executable_path/Frameworks";
				PRODUCT_BUNDLE_IDENTIFIER = "com.MichaelHardin.-ball-scoremaster-pro";
				PRODUCT_NAME = "$(TARGET_NAME)";
				SWIFT_VERSION = 4.0;
				TARGETED_DEVICE_FAMILY = "1,2";
			};
			name = Debug;
		};
		8E20896B1FD702A200494DE8 /* Release */ = {
			isa = XCBuildConfiguration;
			buildSettings = {
				ASSETCATALOG_COMPILER_APPICON_NAME = AppIcon;
				CODE_SIGN_STYLE = Automatic;
				DEVELOPMENT_TEAM = RFR5R2MW37;
				INFOPLIST_FILE = 9ball_scoremaster_pro/Info.plist;
				LD_RUNPATH_SEARCH_PATHS = "$(inherited) @executable_path/Frameworks";
				PRODUCT_BUNDLE_IDENTIFIER = "com.MichaelHardin.-ball-scoremaster-pro";
				PRODUCT_NAME = "$(TARGET_NAME)";
				SWIFT_VERSION = 4.0;
				TARGETED_DEVICE_FAMILY = "1,2";
			};
			name = Release;
		};
/* End XCBuildConfiguration section */

/* Begin XCConfigurationList section */
		8E20894F1FD702A200494DE8 /* Build configuration list for PBXProject "9ball_scoremaster_pro" */ = {
			isa = XCConfigurationList;
			buildConfigurations = (
				8E2089671FD702A200494DE8 /* Debug */,
				8E2089681FD702A200494DE8 /* Release */,
			);
			defaultConfigurationIsVisible = 0;
			defaultConfigurationName = Release;
		};
		8E2089691FD702A200494DE8 /* Build configuration list for PBXNativeTarget "9ball_scoremaster_pro" */ = {
			isa = XCConfigurationList;
			buildConfigurations = (
				8E20896A1FD702A200494DE8 /* Debug */,
				8E20896B1FD702A200494DE8 /* Release */,
			);
			defaultConfigurationIsVisible = 0;
			defaultConfigurationName = Release;
		};
/* End XCConfigurationList section */

/* Begin XCVersionGroup section */
		8E20895E1FD702A200494DE8 /* _ball_scoremaster_pro.xcdatamodeld */ = {
			isa = XCVersionGroup;
			children = (
				8E20895F1FD702A200494DE8 /* _ball_scoremaster_pro.xcdatamodel */,
			);
			currentVersion = 8E20895F1FD702A200494DE8 /* _ball_scoremaster_pro.xcdatamodel */;
			path = _ball_scoremaster_pro.xcdatamodeld;
			sourceTree = "<group>";
			versionGroupType = wrapper.xcdatamodel;
		};
/* End XCVersionGroup section */
	};
	rootObject = 8E20894C1FD702A200494DE8 /* Project object */;
}
